
Microsoft Visual Studio Solution File, Format Version 12.00
# Visual Studio 15
VisualStudioVersion = 15.0.27130.2026
MinimumVisualStudioVersion = 10.0.40219.1
Project("{9A19103F-16F7-4668-BE54-9A1E7A4F7556}") = "ContactManagerApi", "ContactManagerApi\ContactManagerApi.csproj", "{26D247A0-49D9-4F61-ADA3-EE050933A07A}"
EndProject
Project("{9A19103F-16F7-4668-BE54-9A1E7A4F7556}") = "ContactManagerApi.Models", "ContactManagerApi.Models\ContactManagerApi.Models.csproj", "{84B3E12D-AF32-441A-A622-A4A61AA58AFB}"
EndProject
Project("{9A19103F-16F7-4668-BE54-9A1E7A4F7556}") = "ContactManger.Services", "ContactManger.Services\ContactManger.Services.csproj", "{E7045AA9-59EB-4079-8587-2665888BD6F3}"
EndProject
Project("{FAE04EC0-301F-11D3-BF4B-00C04F79EFBC}") = "ContactManger.Tests", "ContactManger.Tests\ContactManger.Tests.csproj", "{186276FE-2C4E-4178-9B3F-0563C5AEC0A8}"
EndProject
Global
	GlobalSection(SolutionConfigurationPlatforms) = preSolution
		Debug|Any CPU = Debug|Any CPU
		Release|Any CPU = Release|Any CPU
	EndGlobalSection
	GlobalSection(ProjectConfigurationPlatforms) = postSolution
		{26D247A0-49D9-4F61-ADA3-EE050933A07A}.Debug|Any CPU.ActiveCfg = Debug|Any CPU
		{26D247A0-49D9-4F61-ADA3-EE050933A07A}.Debug|Any CPU.Build.0 = Debug|Any CPU
		{26D247A0-49D9-4F61-ADA3-EE050933A07A}.Release|Any CPU.ActiveCfg = Release|Any CPU
		{26D247A0-49D9-4F61-ADA3-EE050933A07A}.Release|Any CPU.Build.0 = Release|Any CPU
		{84B3E12D-AF32-441A-A622-A4A61AA58AFB}.Debug|Any CPU.ActiveCfg = Debug|Any CPU
		{84B3E12D-AF32-441A-A622-A4A61AA58AFB}.Debug|Any CPU.Build.0 = Debug|Any CPU
		{84B3E12D-AF32-441A-A622-A4A61AA58AFB}.Release|Any CPU.ActiveCfg = Release|Any CPU
		{84B3E12D-AF32-441A-A622-A4A61AA58AFB}.Release|Any CPU.Build.0 = Release|Any CPU
		{E7045AA9-59EB-4079-8587-2665888BD6F3}.Debug|Any CPU.ActiveCfg = Debug|Any CPU
		{E7045AA9-59EB-4079-8587-2665888BD6F3}.Debug|Any CPU.Build.0 = Debug|Any CPU
		{E7045AA9-59EB-4079-8587-2665888BD6F3}.Release|Any CPU.ActiveCfg = Release|Any CPU
		{E7045AA9-59EB-4079-8587-2665888BD6F3}.Release|Any CPU.Build.0 = Release|Any CPU
		{186276FE-2C4E-4178-9B3F-0563C5AEC0A8}.Debug|Any CPU.ActiveCfg = Debug|Any CPU
		{186276FE-2C4E-4178-9B3F-0563C5AEC0A8}.Debug|Any CPU.Build.0 = Debug|Any CPU
		{186276FE-2C4E-4178-9B3F-0563C5AEC0A8}.Release|Any CPU.ActiveCfg = Release|Any CPU
		{186276FE-2C4E-4178-9B3F-0563C5AEC0A8}.Release|Any CPU.Build.0 = Release|Any CPU
	EndGlobalSection
	GlobalSection(SolutionProperties) = preSolution
		HideSolutionNode = FALSE
	EndGlobalSection
	GlobalSection(ExtensibilityGlobals) = postSolution
		SolutionGuid = {93C61158-ED31-4D7B-B39B-E39BB6ECCF77}
	EndGlobalSection
EndGlobal
